
Microsoft Visual Studio Solution File, Format Version 12.00
# Visual Studio Version 16
VisualStudioVersion = 16.0.31129.286
MinimumVisualStudioVersion = 10.0.40219.1
Project("{8BC9CEB8-8B4A-11D0-8D11-00A0C91BC942}") = "頭構造なんとか～？？", "頭構造なんとか～？？.vcxproj", "{6407B567-D9B9-44C6-A728-04191B5EBD68}"
EndProject
Global
	GlobalSection(SolutionConfigurationPlatforms) = preSolution
		Debug|x64 = Debug|x64
		Debug|x86 = Debug|x86
		Release|x64 = Release|x64
		Release|x86 = Release|x86
	EndGlobalSection
	GlobalSection(ProjectConfigurationPlatforms) = postSolution
		{6407B567-D9B9-44C6-A728-04191B5EBD68}.Debug|x64.ActiveCfg = Debug|x64
		{6407B567-D9B9-44C6-A728-04191B5EBD68}.Debug|x64.Build.0 = Debug|x64
		{6407B567-D9B9-44C6-A728-04191B5EBD68}.Debug|x86.ActiveCfg = Debug|Win32
		{6407B567-D9B9-44C6-A728-04191B5EBD68}.Debug|x86.Build.0 = Debug|Win32
		{6407B567-D9B9-44C6-A728-04191B5EBD68}.Release|x64.ActiveCfg = Release|x64
		{6407B567-D9B9-44C6-A728-04191B5EBD68}.Release|x64.Build.0 = Release|x64
		{6407B567-D9B9-44C6-A728-04191B5EBD68}.Release|x86.ActiveCfg = Release|Win32
		{6407B567-D9B9-44C6-A728-04191B5EBD68}.Release|x86.Build.0 = Release|Win32
	EndGlobalSection
	GlobalSection(SolutionProperties) = preSolution
		HideSolutionNode = FALSE
	EndGlobalSection
	GlobalSection(ExtensibilityGlobals) = postSolution
		SolutionGuid = {7CB0466F-6F92-4151-8BA9-C611846479A8}
	EndGlobalSection
EndGlobal
